
Microsoft Visual Studio Solution File, Format Version 12.00
# Visual Studio Version 17
VisualStudioVersion = 17.3.32922.545
MinimumVisualStudioVersion = 10.0.40219.1
Project("{FAE04EC0-301F-11D3-BF4B-00C04F79EFBC}") = "count the the of digit", "count the the of digit.csproj", "{B181A325-EE66-4054-8B86-48E9A5525E00}"
EndProject
Global
	GlobalSection(SolutionConfigurationPlatforms) = preSolution
		Debug|Any CPU = Debug|Any CPU
		Release|Any CPU = Release|Any CPU
	EndGlobalSection
	GlobalSection(ProjectConfigurationPlatforms) = postSolution
		{B181A325-EE66-4054-8B86-48E9A5525E00}.Debug|Any CPU.ActiveCfg = Debug|Any CPU
		{B181A325-EE66-4054-8B86-48E9A5525E00}.Debug|Any CPU.Build.0 = Debug|Any CPU
		{B181A325-EE66-4054-8B86-48E9A5525E00}.Release|Any CPU.ActiveCfg = Release|Any CPU
		{B181A325-EE66-4054-8B86-48E9A5525E00}.Release|Any CPU.Build.0 = Release|Any CPU
	EndGlobalSection
	GlobalSection(SolutionProperties) = preSolution
		HideSolutionNode = FALSE
	EndGlobalSection
	GlobalSection(ExtensibilityGlobals) = postSolution
		SolutionGuid = {F4AC62F6-1655-4ECB-8BD9-3C4DDABF132E}
	EndGlobalSection
EndGlobal
